
Microsoft Visual Studio Solution File, Format Version 12.00
# Visual Studio Express 2013 for Windows Desktop
VisualStudioVersion = 12.0.31101.0
MinimumVisualStudioVersion = 10.0.40219.1
Project("{8BC9CEB8-8B4A-11D0-8D11-00A0C91BC942}") = "2014LOTTERY", "2014LOTTERY\2014LOTTERY.vcxproj", "{72E320A1-C3B2-42B0-B227-54701B312515}"
EndProject
Project("{8BC9CEB8-8B4A-11D0-8D11-00A0C91BC942}") = "2014BUDDIES", "2014BUDDIES\2014BUDDIES.vcxproj", "{CD8AD5C8-3499-4638-A012-4E700211DB78}"
EndProject
Project("{8BC9CEB8-8B4A-11D0-8D11-00A0C91BC942}") = "2014TV", "2014TV\2014TV.vcxproj", "{BC8EBF06-8E0D-413D-9B73-489ED514EE8C}"
EndProject
Project("{8BC9CEB8-8B4A-11D0-8D11-00A0C91BC942}") = "2014PARKING", "2014PARKING\2014PARKING.vcxproj", "{B537F60C-4E50-4F81-96C3-D995C6E7EA72}"
EndProject
Project("{8BC9CEB8-8B4A-11D0-8D11-00A0C91BC942}") = "2014LORAX", "2014LORAX\2014LORAX.vcxproj", "{2F03BA7B-23DF-409C-A8BC-4411B6620358}"
EndProject
Project("{8BC9CEB8-8B4A-11D0-8D11-00A0C91BC942}") = "2014CALCULATOR", "2014CALCULATOR\2014CALCULATOR.vcxproj", "{A0C74BBE-9127-4E5C-ABB7-4EDD005EF790}"
EndProject
Project("{8BC9CEB8-8B4A-11D0-8D11-00A0C91BC942}") = "2014ANCIENT", "2014ANCIENT\2014ANCIENT.vcxproj", "{431E05EC-B16E-46F0-A322-800E38DA41CE}"
EndProject
Global
	GlobalSection(SolutionConfigurationPlatforms) = preSolution
		Debug|Win32 = Debug|Win32
		Release|Win32 = Release|Win32
	EndGlobalSection
	GlobalSection(ProjectConfigurationPlatforms) = postSolution
		{72E320A1-C3B2-42B0-B227-54701B312515}.Debug|Win32.ActiveCfg = Debug|Win32
		{72E320A1-C3B2-42B0-B227-54701B312515}.Debug|Win32.Build.0 = Debug|Win32
		{72E320A1-C3B2-42B0-B227-54701B312515}.Release|Win32.ActiveCfg = Release|Win32
		{72E320A1-C3B2-42B0-B227-54701B312515}.Release|Win32.Build.0 = Release|Win32
		{CD8AD5C8-3499-4638-A012-4E700211DB78}.Debug|Win32.ActiveCfg = Debug|Win32
		{CD8AD5C8-3499-4638-A012-4E700211DB78}.Debug|Win32.Build.0 = Debug|Win32
		{CD8AD5C8-3499-4638-A012-4E700211DB78}.Release|Win32.ActiveCfg = Release|Win32
		{CD8AD5C8-3499-4638-A012-4E700211DB78}.Release|Win32.Build.0 = Release|Win32
		{BC8EBF06-8E0D-413D-9B73-489ED514EE8C}.Debug|Win32.ActiveCfg = Debug|Win32
		{BC8EBF06-8E0D-413D-9B73-489ED514EE8C}.Debug|Win32.Build.0 = Debug|Win32
		{BC8EBF06-8E0D-413D-9B73-489ED514EE8C}.Release|Win32.ActiveCfg = Release|Win32
		{BC8EBF06-8E0D-413D-9B73-489ED514EE8C}.Release|Win32.Build.0 = Release|Win32
		{B537F60C-4E50-4F81-96C3-D995C6E7EA72}.Debug|Win32.ActiveCfg = Debug|Win32
		{B537F60C-4E50-4F81-96C3-D995C6E7EA72}.Debug|Win32.Build.0 = Debug|Win32
		{B537F60C-4E50-4F81-96C3-D995C6E7EA72}.Release|Win32.ActiveCfg = Release|Win32
		{B537F60C-4E50-4F81-96C3-D995C6E7EA72}.Release|Win32.Build.0 = Release|Win32
		{2F03BA7B-23DF-409C-A8BC-4411B6620358}.Debug|Win32.ActiveCfg = Debug|Win32
		{2F03BA7B-23DF-409C-A8BC-4411B6620358}.Debug|Win32.Build.0 = Debug|Win32
		{2F03BA7B-23DF-409C-A8BC-4411B6620358}.Release|Win32.ActiveCfg = Release|Win32
		{2F03BA7B-23DF-409C-A8BC-4411B6620358}.Release|Win32.Build.0 = Release|Win32
		{A0C74BBE-9127-4E5C-ABB7-4EDD005EF790}.Debug|Win32.ActiveCfg = Debug|Win32
		{A0C74BBE-9127-4E5C-ABB7-4EDD005EF790}.Debug|Win32.Build.0 = Debug|Win32
		{A0C74BBE-9127-4E5C-ABB7-4EDD005EF790}.Release|Win32.ActiveCfg = Release|Win32
		{A0C74BBE-9127-4E5C-ABB7-4EDD005EF790}.Release|Win32.Build.0 = Release|Win32
		{431E05EC-B16E-46F0-A322-800E38DA41CE}.Debug|Win32.ActiveCfg = Debug|Win32
		{431E05EC-B16E-46F0-A322-800E38DA41CE}.Debug|Win32.Build.0 = Debug|Win32
		{431E05EC-B16E-46F0-A322-800E38DA41CE}.Release|Win32.ActiveCfg = Release|Win32
		{431E05EC-B16E-46F0-A322-800E38DA41CE}.Release|Win32.Build.0 = Release|Win32
	EndGlobalSection
	GlobalSection(SolutionProperties) = preSolution
		HideSolutionNode = FALSE
	EndGlobalSection
EndGlobal
