
Microsoft Visual Studio Solution File, Format Version 12.00
# Visual Studio Express 2013 for Windows Desktop
VisualStudioVersion = 12.0.31101.0
MinimumVisualStudioVersion = 10.0.40219.1
Project("{8BC9CEB8-8B4A-11D0-8D11-00A0C91BC942}") = "2014LOTTERY", "2014LOTTERY\2014LOTTERY.vcxproj", "{72E320A1-C3B2-42B0-B227-54701B312515}"
EndProject
Project("{8BC9CEB8-8B4A-11D0-8D11-00A0C91BC942}") = "2014BUDDIES", "2014BUDDIES\2014BUDDIES.vcxproj", "{CD8AD5C8-3499-4638-A012-4E700211DB78}"
EndProject
Project("{8BC9CEB8-8B4A-11D0-8D11-00A0C91BC942}") = "2014TV", "2014TV\2014TV.vcxproj", "{BC8EBF06-8E0D-413D-9B73-489ED514EE8C}"
EndProject
Global
	GlobalSection(SolutionConfigurationPlatforms) = preSolution
		Debug|Win32 = Debug|Win32
		Release|Win32 = Release|Win32
	EndGlobalSection
	GlobalSection(ProjectConfigurationPlatforms) = postSolution
		{72E320A1-C3B2-42B0-B227-54701B312515}.Debug|Win32.ActiveCfg = Debug|Win32
		{72E320A1-C3B2-42B0-B227-54701B312515}.Debug|Win32.Build.0 = Debug|Win32
		{72E320A1-C3B2-42B0-B227-54701B312515}.Release|Win32.ActiveCfg = Release|Win32
		{72E320A1-C3B2-42B0-B227-54701B312515}.Release|Win32.Build.0 = Release|Win32
		{CD8AD5C8-3499-4638-A012-4E700211DB78}.Debug|Win32.ActiveCfg = Debug|Win32
		{CD8AD5C8-3499-4638-A012-4E700211DB78}.Debug|Win32.Build.0 = Debug|Win32
		{CD8AD5C8-3499-4638-A012-4E700211DB78}.Release|Win32.ActiveCfg = Release|Win32
		{CD8AD5C8-3499-4638-A012-4E700211DB78}.Release|Win32.Build.0 = Release|Win32
		{BC8EBF06-8E0D-413D-9B73-489ED514EE8C}.Debug|Win32.ActiveCfg = Debug|Win32
		{BC8EBF06-8E0D-413D-9B73-489ED514EE8C}.Debug|Win32.Build.0 = Debug|Win32
		{BC8EBF06-8E0D-413D-9B73-489ED514EE8C}.Release|Win32.ActiveCfg = Release|Win32
		{BC8EBF06-8E0D-413D-9B73-489ED514EE8C}.Release|Win32.Build.0 = Release|Win32
	EndGlobalSection
	GlobalSection(SolutionProperties) = preSolution
		HideSolutionNode = FALSE
	EndGlobalSection
EndGlobal
